
Microsoft Visual Studio Solution File, Format Version 12.00
# Visual Studio Version 17
VisualStudioVersion = 17.8.34330.188
MinimumVisualStudioVersion = 10.0.40219.1
Project("{9A19103F-16F7-4668-BE54-9A1E7A4F7556}") = "Nasa Wallpaper Service", "Nasa Wallpaper Service.csproj", "{BB100C43-FB4D-4119-A667-AFC845A55F5A}"
EndProject
Project("{54435603-DBB4-11D2-8724-00A0C9A8B90C}") = "NasaWallpaperServiceInstaller", "..\NasaWallpaperServiceInstaller\NasaWallpaperServiceInstaller.vdproj", "{5DBA4308-6456-4789-A76E-364BFA5F271A}"
EndProject
Global
	GlobalSection(SolutionConfigurationPlatforms) = preSolution
		Debug|Any CPU = Debug|Any CPU
		Release|Any CPU = Release|Any CPU
	EndGlobalSection
	GlobalSection(ProjectConfigurationPlatforms) = postSolution
		{BB100C43-FB4D-4119-A667-AFC845A55F5A}.Debug|Any CPU.ActiveCfg = Debug|Any CPU
		{BB100C43-FB4D-4119-A667-AFC845A55F5A}.Debug|Any CPU.Build.0 = Debug|Any CPU
		{BB100C43-FB4D-4119-A667-AFC845A55F5A}.Release|Any CPU.ActiveCfg = Release|Any CPU
		{BB100C43-FB4D-4119-A667-AFC845A55F5A}.Release|Any CPU.Build.0 = Release|Any CPU
		{5DBA4308-6456-4789-A76E-364BFA5F271A}.Debug|Any CPU.ActiveCfg = Debug
		{5DBA4308-6456-4789-A76E-364BFA5F271A}.Release|Any CPU.ActiveCfg = Release
	EndGlobalSection
	GlobalSection(SolutionProperties) = preSolution
		HideSolutionNode = FALSE
	EndGlobalSection
	GlobalSection(ExtensibilityGlobals) = postSolution
		SolutionGuid = {8F4D51E1-2781-496A-9EA0-3A03323309A6}
	EndGlobalSection
EndGlobal
